
Microsoft Visual Studio Solution File, Format Version 12.00
# Visual Studio Version 16
VisualStudioVersion = 16.0.29609.76
MinimumVisualStudioVersion = 10.0.40219.1
Project("{FAE04EC0-301F-11D3-BF4B-00C04F79EFBC}") = "WeatherApp2.UWP", "WeatherApp2\WeatherApp2.UWP\WeatherApp2.UWP.csproj", "{6F3E3EC2-F727-452A-9919-F06E99A4D1F5}"
EndProject
Project("{FAE04EC0-301F-11D3-BF4B-00C04F79EFBC}") = "WeatherApp2.Android", "WeatherApp2\WeatherApp2.Android\WeatherApp2.Android.csproj", "{8B15057A-964E-42A3-9C50-83007E2D5CA6}"
EndProject
Project("{FAE04EC0-301F-11D3-BF4B-00C04F79EFBC}") = "WeatherApp2.iOS", "WeatherApp2\WeatherApp2.iOS\WeatherApp2.iOS.csproj", "{E3485495-B31D-44BB-A120-6BACD32C761E}"
EndProject
Project("{FAE04EC0-301F-11D3-BF4B-00C04F79EFBC}") = "WeatherApp2", "WeatherApp2\WeatherApp2\WeatherApp2.csproj", "{72489E09-E65C-412E-8941-442100F31E9B}"
EndProject
Global
	GlobalSection(SolutionConfigurationPlatforms) = preSolution
		Debug|Any CPU = Debug|Any CPU
		Debug|ARM = Debug|ARM
		Debug|iPhone = Debug|iPhone
		Debug|iPhoneSimulator = Debug|iPhoneSimulator
		Debug|x64 = Debug|x64
		Debug|x86 = Debug|x86
		Release|Any CPU = Release|Any CPU
		Release|ARM = Release|ARM
		Release|iPhone = Release|iPhone
		Release|iPhoneSimulator = Release|iPhoneSimulator
		Release|x64 = Release|x64
		Release|x86 = Release|x86
	EndGlobalSection
	GlobalSection(ProjectConfigurationPlatforms) = postSolution
		{6F3E3EC2-F727-452A-9919-F06E99A4D1F5}.Debug|Any CPU.ActiveCfg = Debug|x86
		{6F3E3EC2-F727-452A-9919-F06E99A4D1F5}.Debug|Any CPU.Build.0 = Debug|x86
		{6F3E3EC2-F727-452A-9919-F06E99A4D1F5}.Debug|Any CPU.Deploy.0 = Debug|x86
		{6F3E3EC2-F727-452A-9919-F06E99A4D1F5}.Debug|ARM.ActiveCfg = Debug|ARM
		{6F3E3EC2-F727-452A-9919-F06E99A4D1F5}.Debug|ARM.Build.0 = Debug|ARM
		{6F3E3EC2-F727-452A-9919-F06E99A4D1F5}.Debug|ARM.Deploy.0 = Debug|ARM
		{6F3E3EC2-F727-452A-9919-F06E99A4D1F5}.Debug|iPhone.ActiveCfg = Debug|x86
		{6F3E3EC2-F727-452A-9919-F06E99A4D1F5}.Debug|iPhone.Build.0 = Debug|x86
		{6F3E3EC2-F727-452A-9919-F06E99A4D1F5}.Debug|iPhone.Deploy.0 = Debug|x86
		{6F3E3EC2-F727-452A-9919-F06E99A4D1F5}.Debug|iPhoneSimulator.ActiveCfg = Debug|x86
		{6F3E3EC2-F727-452A-9919-F06E99A4D1F5}.Debug|iPhoneSimulator.Build.0 = Debug|x86
		{6F3E3EC2-F727-452A-9919-F06E99A4D1F5}.Debug|iPhoneSimulator.Deploy.0 = Debug|x86
		{6F3E3EC2-F727-452A-9919-F06E99A4D1F5}.Debug|x64.ActiveCfg = Debug|x64
		{6F3E3EC2-F727-452A-9919-F06E99A4D1F5}.Debug|x64.Build.0 = Debug|x64
		{6F3E3EC2-F727-452A-9919-F06E99A4D1F5}.Debug|x64.Deploy.0 = Debug|x64
		{6F3E3EC2-F727-452A-9919-F06E99A4D1F5}.Debug|x86.ActiveCfg = Debug|x86
		{6F3E3EC2-F727-452A-9919-F06E99A4D1F5}.Debug|x86.Build.0 = Debug|x86
		{6F3E3EC2-F727-452A-9919-F06E99A4D1F5}.Debug|x86.Deploy.0 = Debug|x86
		{6F3E3EC2-F727-452A-9919-F06E99A4D1F5}.Release|Any CPU.ActiveCfg = Release|x86
		{6F3E3EC2-F727-452A-9919-F06E99A4D1F5}.Release|Any CPU.Build.0 = Release|x86
		{6F3E3EC2-F727-452A-9919-F06E99A4D1F5}.Release|Any CPU.Deploy.0 = Release|x86
		{6F3E3EC2-F727-452A-9919-F06E99A4D1F5}.Release|ARM.ActiveCfg = Release|ARM
		{6F3E3EC2-F727-452A-9919-F06E99A4D1F5}.Release|ARM.Build.0 = Release|ARM
		{6F3E3EC2-F727-452A-9919-F06E99A4D1F5}.Release|ARM.Deploy.0 = Release|ARM
		{6F3E3EC2-F727-452A-9919-F06E99A4D1F5}.Release|iPhone.ActiveCfg = Release|x86
		{6F3E3EC2-F727-452A-9919-F06E99A4D1F5}.Release|iPhone.Build.0 = Release|x86
		{6F3E3EC2-F727-452A-9919-F06E99A4D1F5}.Release|iPhone.Deploy.0 = Release|x86
		{6F3E3EC2-F727-452A-9919-F06E99A4D1F5}.Release|iPhoneSimulator.ActiveCfg = Release|x86
		{6F3E3EC2-F727-452A-9919-F06E99A4D1F5}.Release|iPhoneSimulator.Build.0 = Release|x86
		{6F3E3EC2-F727-452A-9919-F06E99A4D1F5}.Release|iPhoneSimulator.Deploy.0 = Release|x86
		{6F3E3EC2-F727-452A-9919-F06E99A4D1F5}.Release|x64.ActiveCfg = Release|x64
		{6F3E3EC2-F727-452A-9919-F06E99A4D1F5}.Release|x64.Build.0 = Release|x64
		{6F3E3EC2-F727-452A-9919-F06E99A4D1F5}.Release|x64.Deploy.0 = Release|x64
		{6F3E3EC2-F727-452A-9919-F06E99A4D1F5}.Release|x86.ActiveCfg = Release|x86
		{6F3E3EC2-F727-452A-9919-F06E99A4D1F5}.Release|x86.Build.0 = Release|x86
		{6F3E3EC2-F727-452A-9919-F06E99A4D1F5}.Release|x86.Deploy.0 = Release|x86
		{8B15057A-964E-42A3-9C50-83007E2D5CA6}.Debug|Any CPU.ActiveCfg = Debug|Any CPU
		{8B15057A-964E-42A3-9C50-83007E2D5CA6}.Debug|Any CPU.Build.0 = Debug|Any CPU
		{8B15057A-964E-42A3-9C50-83007E2D5CA6}.Debug|Any CPU.Deploy.0 = Debug|Any CPU
		{8B15057A-964E-42A3-9C50-83007E2D5CA6}.Debug|ARM.ActiveCfg = Debug|Any CPU
		{8B15057A-964E-42A3-9C50-83007E2D5CA6}.Debug|ARM.Build.0 = Debug|Any CPU
		{8B15057A-964E-42A3-9C50-83007E2D5CA6}.Debug|ARM.Deploy.0 = Debug|Any CPU
		{8B15057A-964E-42A3-9C50-83007E2D5CA6}.Debug|iPhone.ActiveCfg = Debug|Any CPU
		{8B15057A-964E-42A3-9C50-83007E2D5CA6}.Debug|iPhone.Build.0 = Debug|Any CPU
		{8B15057A-964E-42A3-9C50-83007E2D5CA6}.Debug|iPhone.Deploy.0 = Debug|Any CPU
		{8B15057A-964E-42A3-9C50-83007E2D5CA6}.Debug|iPhoneSimulator.ActiveCfg = Debug|Any CPU
		{8B15057A-964E-42A3-9C50-83007E2D5CA6}.Debug|iPhoneSimulator.Build.0 = Debug|Any CPU
		{8B15057A-964E-42A3-9C50-83007E2D5CA6}.Debug|iPhoneSimulator.Deploy.0 = Debug|Any CPU
		{8B15057A-964E-42A3-9C50-83007E2D5CA6}.Debug|x64.ActiveCfg = Debug|Any CPU
		{8B15057A-964E-42A3-9C50-83007E2D5CA6}.Debug|x64.Build.0 = Debug|Any CPU
		{8B15057A-964E-42A3-9C50-83007E2D5CA6}.Debug|x64.Deploy.0 = Debug|Any CPU
		{8B15057A-964E-42A3-9C50-83007E2D5CA6}.Debug|x86.ActiveCfg = Debug|Any CPU
		{8B15057A-964E-42A3-9C50-83007E2D5CA6}.Debug|x86.Build.0 = Debug|Any CPU
		{8B15057A-964E-42A3-9C50-83007E2D5CA6}.Debug|x86.Deploy.0 = Debug|Any CPU
		{8B15057A-964E-42A3-9C50-83007E2D5CA6}.Release|Any CPU.ActiveCfg = Release|Any CPU
		{8B15057A-964E-42A3-9C50-83007E2D5CA6}.Release|Any CPU.Build.0 = Release|Any CPU
		{8B15057A-964E-42A3-9C50-83007E2D5CA6}.Release|Any CPU.Deploy.0 = Release|Any CPU
		{8B15057A-964E-42A3-9C50-83007E2D5CA6}.Release|ARM.ActiveCfg = Release|Any CPU
		{8B15057A-964E-42A3-9C50-83007E2D5CA6}.Release|ARM.Build.0 = Release|Any CPU
		{8B15057A-964E-42A3-9C50-83007E2D5CA6}.Release|ARM.Deploy.0 = Release|Any CPU
		{8B15057A-964E-42A3-9C50-83007E2D5CA6}.Release|iPhone.ActiveCfg = Release|Any CPU
		{8B15057A-964E-42A3-9C50-83007E2D5CA6}.Release|iPhone.Build.0 = Release|Any CPU
		{8B15057A-964E-42A3-9C50-83007E2D5CA6}.Release|iPhone.Deploy.0 = Release|Any CPU
		{8B15057A-964E-42A3-9C50-83007E2D5CA6}.Release|iPhoneSimulator.ActiveCfg = Release|Any CPU
		{8B15057A-964E-42A3-9C50-83007E2D5CA6}.Release|iPhoneSimulator.Build.0 = Release|Any CPU
		{8B15057A-964E-42A3-9C50-83007E2D5CA6}.Release|iPhoneSimulator.Deploy.0 = Release|Any CPU
		{8B15057A-964E-42A3-9C50-83007E2D5CA6}.Release|x64.ActiveCfg = Release|Any CPU
		{8B15057A-964E-42A3-9C50-83007E2D5CA6}.Release|x64.Build.0 = Release|Any CPU
		{8B15057A-964E-42A3-9C50-83007E2D5CA6}.Release|x64.Deploy.0 = Release|Any CPU
		{8B15057A-964E-42A3-9C50-83007E2D5CA6}.Release|x86.ActiveCfg = Release|Any CPU
		{8B15057A-964E-42A3-9C50-83007E2D5CA6}.Release|x86.Build.0 = Release|Any CPU
		{8B15057A-964E-42A3-9C50-83007E2D5CA6}.Release|x86.Deploy.0 = Release|Any CPU
		{E3485495-B31D-44BB-A120-6BACD32C761E}.Debug|Any CPU.ActiveCfg = Debug|iPhone
		{E3485495-B31D-44BB-A120-6BACD32C761E}.Debug|Any CPU.Build.0 = Debug|iPhone
		{E3485495-B31D-44BB-A120-6BACD32C761E}.Debug|Any CPU.Deploy.0 = Debug|iPhone
		{E3485495-B31D-44BB-A120-6BACD32C761E}.Debug|ARM.ActiveCfg = Debug|iPhoneSimulator
		{E3485495-B31D-44BB-A120-6BACD32C761E}.Debug|ARM.Build.0 = Debug|iPhoneSimulator
		{E3485495-B31D-44BB-A120-6BACD32C761E}.Debug|ARM.Deploy.0 = Debug|iPhoneSimulator
		{E3485495-B31D-44BB-A120-6BACD32C761E}.Debug|iPhone.ActiveCfg = Debug|iPhone
		{E3485495-B31D-44BB-A120-6BACD32C761E}.Debug|iPhone.Build.0 = Debug|iPhone
		{E3485495-B31D-44BB-A120-6BACD32C761E}.Debug|iPhone.Deploy.0 = Debug|iPhone
		{E3485495-B31D-44BB-A120-6BACD32C761E}.Debug|iPhoneSimulator.ActiveCfg = Debug|iPhoneSimulator
		{E3485495-B31D-44BB-A120-6BACD32C761E}.Debug|iPhoneSimulator.Build.0 = Debug|iPhoneSimulator
		{E3485495-B31D-44BB-A120-6BACD32C761E}.Debug|iPhoneSimulator.Deploy.0 = Debug|iPhoneSimulator
		{E3485495-B31D-44BB-A120-6BACD32C761E}.Debug|x64.ActiveCfg = Debug|iPhone
		{E3485495-B31D-44BB-A120-6BACD32C761E}.Debug|x64.Build.0 = Debug|iPhone
		{E3485495-B31D-44BB-A120-6BACD32C761E}.Debug|x64.Deploy.0 = Debug|iPhone
		{E3485495-B31D-44BB-A120-6BACD32C761E}.Debug|x86.ActiveCfg = Debug|iPhone
		{E3485495-B31D-44BB-A120-6BACD32C761E}.Debug|x86.Build.0 = Debug|iPhone
		{E3485495-B31D-44BB-A120-6BACD32C761E}.Debug|x86.Deploy.0 = Debug|iPhone
		{E3485495-B31D-44BB-A120-6BACD32C761E}.Release|Any CPU.ActiveCfg = Release|iPhone
		{E3485495-B31D-44BB-A120-6BACD32C761E}.Release|Any CPU.Build.0 = Release|iPhone
		{E3485495-B31D-44BB-A120-6BACD32C761E}.Release|Any CPU.Deploy.0 = Release|iPhone
		{E3485495-B31D-44BB-A120-6BACD32C761E}.Release|ARM.ActiveCfg = Release|iPhone
		{E3485495-B31D-44BB-A120-6BACD32C761E}.Release|ARM.Build.0 = Release|iPhone
		{E3485495-B31D-44BB-A120-6BACD32C761E}.Release|ARM.Deploy.0 = Release|iPhone
		{E3485495-B31D-44BB-A120-6BACD32C761E}.Release|iPhone.ActiveCfg = Release|iPhone
		{E3485495-B31D-44BB-A120-6BACD32C761E}.Release|iPhone.Build.0 = Release|iPhone
		{E3485495-B31D-44BB-A120-6BACD32C761E}.Release|iPhone.Deploy.0 = Release|iPhone
		{E3485495-B31D-44BB-A120-6BACD32C761E}.Release|iPhoneSimulator.ActiveCfg = Release|iPhoneSimulator
		{E3485495-B31D-44BB-A120-6BACD32C761E}.Release|iPhoneSimulator.Build.0 = Release|iPhoneSimulator
		{E3485495-B31D-44BB-A120-6BACD32C761E}.Release|iPhoneSimulator.Deploy.0 = Release|iPhoneSimulator
		{E3485495-B31D-44BB-A120-6BACD32C761E}.Release|x64.ActiveCfg = Release|iPhone
		{E3485495-B31D-44BB-A120-6BACD32C761E}.Release|x64.Build.0 = Release|iPhone
		{E3485495-B31D-44BB-A120-6BACD32C761E}.Release|x64.Deploy.0 = Release|iPhone
		{E3485495-B31D-44BB-A120-6BACD32C761E}.Release|x86.ActiveCfg = Release|iPhone
		{E3485495-B31D-44BB-A120-6BACD32C761E}.Release|x86.Build.0 = Release|iPhone
		{E3485495-B31D-44BB-A120-6BACD32C761E}.Release|x86.Deploy.0 = Release|iPhone
		{72489E09-E65C-412E-8941-442100F31E9B}.Debug|Any CPU.ActiveCfg = Debug|Any CPU
		{72489E09-E65C-412E-8941-442100F31E9B}.Debug|Any CPU.Build.0 = Debug|Any CPU
		{72489E09-E65C-412E-8941-442100F31E9B}.Debug|Any CPU.Deploy.0 = Debug|Any CPU
		{72489E09-E65C-412E-8941-442100F31E9B}.Debug|ARM.ActiveCfg = Debug|Any CPU
		{72489E09-E65C-412E-8941-442100F31E9B}.Debug|ARM.Build.0 = Debug|Any CPU
		{72489E09-E65C-412E-8941-442100F31E9B}.Debug|ARM.Deploy.0 = Debug|Any CPU
		{72489E09-E65C-412E-8941-442100F31E9B}.Debug|iPhone.ActiveCfg = Debug|Any CPU
		{72489E09-E65C-412E-8941-442100F31E9B}.Debug|iPhone.Build.0 = Debug|Any CPU
		{72489E09-E65C-412E-8941-442100F31E9B}.Debug|iPhone.Deploy.0 = Debug|Any CPU
		{72489E09-E65C-412E-8941-442100F31E9B}.Debug|iPhoneSimulator.ActiveCfg = Debug|Any CPU
		{72489E09-E65C-412E-8941-442100F31E9B}.Debug|iPhoneSimulator.Build.0 = Debug|Any CPU
		{72489E09-E65C-412E-8941-442100F31E9B}.Debug|iPhoneSimulator.Deploy.0 = Debug|Any CPU
		{72489E09-E65C-412E-8941-442100F31E9B}.Debug|x64.ActiveCfg = Debug|Any CPU
		{72489E09-E65C-412E-8941-442100F31E9B}.Debug|x64.Build.0 = Debug|Any CPU
		{72489E09-E65C-412E-8941-442100F31E9B}.Debug|x64.Deploy.0 = Debug|Any CPU
		{72489E09-E65C-412E-8941-442100F31E9B}.Debug|x86.ActiveCfg = Debug|Any CPU
		{72489E09-E65C-412E-8941-442100F31E9B}.Debug|x86.Build.0 = Debug|Any CPU
		{72489E09-E65C-412E-8941-442100F31E9B}.Debug|x86.Deploy.0 = Debug|Any CPU
		{72489E09-E65C-412E-8941-442100F31E9B}.Release|Any CPU.ActiveCfg = Release|Any CPU
		{72489E09-E65C-412E-8941-442100F31E9B}.Release|Any CPU.Build.0 = Release|Any CPU
		{72489E09-E65C-412E-8941-442100F31E9B}.Release|Any CPU.Deploy.0 = Release|Any CPU
		{72489E09-E65C-412E-8941-442100F31E9B}.Release|ARM.ActiveCfg = Release|Any CPU
		{72489E09-E65C-412E-8941-442100F31E9B}.Release|ARM.Build.0 = Release|Any CPU
		{72489E09-E65C-412E-8941-442100F31E9B}.Release|ARM.Deploy.0 = Release|Any CPU
		{72489E09-E65C-412E-8941-442100F31E9B}.Release|iPhone.ActiveCfg = Release|Any CPU
		{72489E09-E65C-412E-8941-442100F31E9B}.Release|iPhone.Build.0 = Release|Any CPU
		{72489E09-E65C-412E-8941-442100F31E9B}.Release|iPhone.Deploy.0 = Release|Any CPU
		{72489E09-E65C-412E-8941-442100F31E9B}.Release|iPhoneSimulator.ActiveCfg = Release|Any CPU
		{72489E09-E65C-412E-8941-442100F31E9B}.Release|iPhoneSimulator.Build.0 = Release|Any CPU
		{72489E09-E65C-412E-8941-442100F31E9B}.Release|iPhoneSimulator.Deploy.0 = Release|Any CPU
		{72489E09-E65C-412E-8941-442100F31E9B}.Release|x64.ActiveCfg = Release|Any CPU
		{72489E09-E65C-412E-8941-442100F31E9B}.Release|x64.Build.0 = Release|Any CPU
		{72489E09-E65C-412E-8941-442100F31E9B}.Release|x64.Deploy.0 = Release|Any CPU
		{72489E09-E65C-412E-8941-442100F31E9B}.Release|x86.ActiveCfg = Release|Any CPU
		{72489E09-E65C-412E-8941-442100F31E9B}.Release|x86.Build.0 = Release|Any CPU
		{72489E09-E65C-412E-8941-442100F31E9B}.Release|x86.Deploy.0 = Release|Any CPU
	EndGlobalSection
	GlobalSection(SolutionProperties) = preSolution
		HideSolutionNode = FALSE
	EndGlobalSection
	GlobalSection(ExtensibilityGlobals) = postSolution
		SolutionGuid = {948AECBC-2326-4358-8004-1E44CCF28424}
	EndGlobalSection
EndGlobal
